{
    "_readme": [
        "This file locks the dependencies of your project to a known state",
        "Read more about it at http://getcomposer.org/doc/01-basic-usage.md#composer-lock-the-lock-file"
    ],
    "hash": "f0db3dcc01a40be5b8eeb2fe158c76f3",
    "packages": [
        {
            "name": "flp/flp",
            "version": "dev-master",
            "source": {
                "type": "git",
                "url": "https://github.com/FutureLink-Protocol/php.git",
                "reference": "8e1171bd40d7098ffcd89b112ba3cc3ee445e6ec"
            },
            "dist": {
                "type": "zip",
                "url": "https://api.github.com/repos/FutureLink-Protocol/php/zipball/8e1171bd40d7098ffcd89b112ba3cc3ee445e6ec",
                "reference": "8e1171bd40d7098ffcd89b112ba3cc3ee445e6ec",
                "shasum": ""
            },
            "require": {
                "gabordemooij/redbean": ">=3.5.1",
                "php": ">=5.4.0"
            },
            "type": "library",
            "autoload": {
                "psr-0": {
                    "FLP": "",
                    "Phraser": "",
                    "RedBean_": ""
                }
            },
            "notification-url": "https://packagist.org/downloads/",
            "authors": [
                {
                    "name": "Robert Plummer",
                    "email": "rplummer@visop-dev.com",
                    "homepage": "http://visop-dev.com",
                    "role": "Lead Developer"
                },
                {
                    "name": "Luke Gerhardt",
                    "email": "luke@totaldigitalconsulting.com",
                    "homepage": "http://totaldigitalconsulting.com",
                    "role": "Developer"
                }
            ],
            "description": "FutureLink-Protocol implementation in PHP",
            "homepage": "https://github.com/FutureLink-Protocol",
            "time": "2014-03-04 03:20:27"
        },
        {
            "name": "gabordemooij/redbean",
            "version": "v3.5.1",
            "source": {
                "type": "git",
                "url": "https://github.com/gabordemooij/redbean.git",
                "reference": "41bb293e2bc744c150e4ae30e30fb5083e047f53"
            },
            "dist": {
                "type": "zip",
                "url": "https://api.github.com/repos/gabordemooij/redbean/zipball/41bb293e2bc744c150e4ae30e30fb5083e047f53",
                "reference": "41bb293e2bc744c150e4ae30e30fb5083e047f53",
                "shasum": ""
            },
            "require": {
                "php": ">=5.2.0"
            },
            "type": "library",
            "autoload": {
                "psr-0": {
                    "RedBean_": ""
                }
            },
            "notification-url": "https://packagist.org/downloads/",
            "license": [
                "BSD"
            ],
            "authors": [
                {
                    "name": "Gabor de Mooij",
                    "email": "gabordemooij@gmail.com",
                    "homepage": "http://www.redbeanphp.com",
                    "role": "Developer"
                }
            ],
            "description": "Easy ORM for PHP",
            "homepage": "http://github.com/gabordemooij/redbean",
            "keywords": [
                "Object Relational Mapping",
                "orm"
            ],
            "time": "2013-10-30 22:13:02"
        }
    ],
    "packages-dev": [

    ],
    "aliases": [

    ],
    "minimum-stability": "stable",
    "stability-flags": {
        "flp/flp": 20
    },
    "platform": {
        "php": ">=5.4.0"
    },
    "platform-dev": [

    ]
}
